
Microsoft Visual Studio Solution File, Format Version 12.00
# Visual Studio Version 17
VisualStudioVersion = 17.4.33213.308
MinimumVisualStudioVersion = 10.0.40219.1
Project("{FAE04EC0-301F-11D3-BF4B-00C04F79EFBC}") = "Tema12(4.1)", "Tema12(4.1)\Tema12(4.1).csproj", "{6BD40F8C-595C-4AAA-A3DF-766BB6E74C20}"
EndProject
Global
	GlobalSection(SolutionConfigurationPlatforms) = preSolution
		Debug|Any CPU = Debug|Any CPU
		Release|Any CPU = Release|Any CPU
	EndGlobalSection
	GlobalSection(ProjectConfigurationPlatforms) = postSolution
		{6BD40F8C-595C-4AAA-A3DF-766BB6E74C20}.Debug|Any CPU.ActiveCfg = Debug|Any CPU
		{6BD40F8C-595C-4AAA-A3DF-766BB6E74C20}.Debug|Any CPU.Build.0 = Debug|Any CPU
		{6BD40F8C-595C-4AAA-A3DF-766BB6E74C20}.Release|Any CPU.ActiveCfg = Release|Any CPU
		{6BD40F8C-595C-4AAA-A3DF-766BB6E74C20}.Release|Any CPU.Build.0 = Release|Any CPU
	EndGlobalSection
	GlobalSection(SolutionProperties) = preSolution
		HideSolutionNode = FALSE
	EndGlobalSection
	GlobalSection(ExtensibilityGlobals) = postSolution
		SolutionGuid = {7126B515-AF6D-4CB4-8EB4-52B8CDFA2BE4}
	EndGlobalSection
EndGlobal
